
Microsoft Visual Studio Solution File, Format Version 12.00
# Visual Studio Version 17
VisualStudioVersion = 17.0.31919.166
MinimumVisualStudioVersion = 10.0.40219.1
Project("{FAE04EC0-301F-11D3-BF4B-00C04F79EFBC}") = "snake", "snake\snake.csproj", "{1ECE03D3-FDAE-4DC4-8EA9-B7B0DDFC2F53}"
EndProject
Global
	GlobalSection(SolutionConfigurationPlatforms) = preSolution
		Debug|Any CPU = Debug|Any CPU
		Release|Any CPU = Release|Any CPU
	EndGlobalSection
	GlobalSection(ProjectConfigurationPlatforms) = postSolution
		{1ECE03D3-FDAE-4DC4-8EA9-B7B0DDFC2F53}.Debug|Any CPU.ActiveCfg = Debug|Any CPU
		{1ECE03D3-FDAE-4DC4-8EA9-B7B0DDFC2F53}.Debug|Any CPU.Build.0 = Debug|Any CPU
		{1ECE03D3-FDAE-4DC4-8EA9-B7B0DDFC2F53}.Release|Any CPU.ActiveCfg = Release|Any CPU
		{1ECE03D3-FDAE-4DC4-8EA9-B7B0DDFC2F53}.Release|Any CPU.Build.0 = Release|Any CPU
	EndGlobalSection
	GlobalSection(SolutionProperties) = preSolution
		HideSolutionNode = FALSE
	EndGlobalSection
	GlobalSection(ExtensibilityGlobals) = postSolution
		SolutionGuid = {A5D315BF-A265-4C0B-AFE1-518352411FC5}
	EndGlobalSection
EndGlobal
